<Solution>
  <Folder Name="/src/">
    <Project Path="src/BookIt.API/BookIt.API.csproj" />
    <Project Path="src/BookIt.Core/BookIt.Core.csproj" />
    <Project Path="src/BookIt.Infrastructure/BookIt.Infrastructure.csproj" />
    <Project Path="src/BookIt.Web/BookIt.Web.csproj" />
  </Folder>
  <Folder Name="/tests/">
    <Project Path="tests/BookIt.Tests/BookIt.Tests.csproj" />
  </Folder>
</Solution>
